
Microsoft Visual Studio Solution File, Format Version 12.00
# Visual Studio 15
VisualStudioVersion = 15.0.28307.329
MinimumVisualStudioVersion = 10.0.40219.1
Project("{FAE04EC0-301F-11D3-BF4B-00C04F79EFBC}") = "Elevator", "Elevator\Elevator.csproj", "{AC6C0FBF-10B3-4E8A-8C21-77984AC90F33}"
EndProject
Global
	GlobalSection(SolutionConfigurationPlatforms) = preSolution
		Debug|Any CPU = Debug|Any CPU
		Release|Any CPU = Release|Any CPU
	EndGlobalSection
	GlobalSection(ProjectConfigurationPlatforms) = postSolution
		{AC6C0FBF-10B3-4E8A-8C21-77984AC90F33}.Debug|Any CPU.ActiveCfg = Debug|Any CPU
		{AC6C0FBF-10B3-4E8A-8C21-77984AC90F33}.Debug|Any CPU.Build.0 = Debug|Any CPU
		{AC6C0FBF-10B3-4E8A-8C21-77984AC90F33}.Release|Any CPU.ActiveCfg = Release|Any CPU
		{AC6C0FBF-10B3-4E8A-8C21-77984AC90F33}.Release|Any CPU.Build.0 = Release|Any CPU
	EndGlobalSection
	GlobalSection(SolutionProperties) = preSolution
		HideSolutionNode = FALSE
	EndGlobalSection
	GlobalSection(ExtensibilityGlobals) = postSolution
		SolutionGuid = {89B5AF39-EB97-496E-8223-90D258CDA7AD}
	EndGlobalSection
EndGlobal
